
Microsoft Visual Studio Solution File, Format Version 12.00
# Visual Studio Version 16
VisualStudioVersion = 16.0.29503.13
MinimumVisualStudioVersion = 10.0.40219.1
Project("{FAE04EC0-301F-11D3-BF4B-00C04F79EFBC}") = "DatabaseProject", "DatabaseProject\DatabaseProject.csproj", "{6604D991-E186-4113-B787-87F6AFDAC942}"
EndProject
Global
	GlobalSection(SolutionConfigurationPlatforms) = preSolution
		Debug|Any CPU = Debug|Any CPU
		Release|Any CPU = Release|Any CPU
	EndGlobalSection
	GlobalSection(ProjectConfigurationPlatforms) = postSolution
		{6604D991-E186-4113-B787-87F6AFDAC942}.Debug|Any CPU.ActiveCfg = Debug|Any CPU
		{6604D991-E186-4113-B787-87F6AFDAC942}.Debug|Any CPU.Build.0 = Debug|Any CPU
		{6604D991-E186-4113-B787-87F6AFDAC942}.Release|Any CPU.ActiveCfg = Release|Any CPU
		{6604D991-E186-4113-B787-87F6AFDAC942}.Release|Any CPU.Build.0 = Release|Any CPU
	EndGlobalSection
	GlobalSection(SolutionProperties) = preSolution
		HideSolutionNode = FALSE
	EndGlobalSection
	GlobalSection(ExtensibilityGlobals) = postSolution
		SolutionGuid = {BBF9ACEC-6594-4861-B768-946B863FA511}
	EndGlobalSection
EndGlobal
